// !$*UTF8*$!
{
	archiveVersion = 1;
	classes = {
	};
	objectVersion = 46;
	objects = {

/* Begin PBXBuildFile section */
		3D0ADE231C87090900D4FD37 /* Fetch.framework in Frameworks */ = {isa = PBXBuildFile; fileRef = 3D0ADE221C87090900D4FD37 /* Fetch.framework */; };
		3D0ADE2D1C87096600D4FD37 /* Nimble.framework in Embed Frameworks */ = {isa = PBXBuildFile; fileRef = 3D0ADE2A1C87096600D4FD37 /* Nimble.framework */; settings = {ATTRIBUTES = (CodeSignOnCopy, RemoveHeadersOnCopy, ); }; };
		3D0ADE2E1C87096600D4FD37 /* OHHTTPStubs.framework in Embed Frameworks */ = {isa = PBXBuildFile; fileRef = 3D0ADE2B1C87096600D4FD37 /* OHHTTPStubs.framework */; settings = {ATTRIBUTES = (CodeSignOnCopy, RemoveHeadersOnCopy, ); }; };
		3D0ADE301C870A0100D4FD37 /* Nimble.framework in Frameworks */ = {isa = PBXBuildFile; fileRef = 3D0ADE2A1C87096600D4FD37 /* Nimble.framework */; };
		3D0ADE311C870A0300D4FD37 /* OHHTTPStubs.framework in Frameworks */ = {isa = PBXBuildFile; fileRef = 3D0ADE2B1C87096600D4FD37 /* OHHTTPStubs.framework */; };
		3D0ADE321C870A1000D4FD37 /* Fetch.framework in Embed Frameworks */ = {isa = PBXBuildFile; fileRef = 3D0ADE221C87090900D4FD37 /* Fetch.framework */; settings = {ATTRIBUTES = (CodeSignOnCopy, RemoveHeadersOnCopy, ); }; };
		3D0ADE341C873E3400D4FD37 /* Response+Parsing.swift in Sources */ = {isa = PBXBuildFile; fileRef = 3D0ADE331C873E3400D4FD37 /* Response+Parsing.swift */; };
		3D0ADE361C873F6A00D4FD37 /* TestHelpers.swift in Sources */ = {isa = PBXBuildFile; fileRef = 3D0ADE351C873F6A00D4FD37 /* TestHelpers.swift */; };
		3D0ADE381C87404000D4FD37 /* test-response.json in Resources */ = {isa = PBXBuildFile; fileRef = 3D0ADE371C87404000D4FD37 /* test-response.json */; };
		3D53F1261CA2F38A0080707D /* OSAPIResponse.framework in Frameworks */ = {isa = PBXBuildFile; fileRef = 3D53F1241CA2F38A0080707D /* OSAPIResponse.framework */; };
		3D53F1271CA2F38A0080707D /* OSTransformation.framework in Frameworks */ = {isa = PBXBuildFile; fileRef = 3D53F1251CA2F38A0080707D /* OSTransformation.framework */; };
		3D5929D41C7F41E900B3CECC /* Search.h in Headers */ = {isa = PBXBuildFile; fileRef = 3D5929D31C7F41E900B3CECC /* Search.h */; settings = {ATTRIBUTES = (Public, ); }; };
		3D5929DB1C7F41E900B3CECC /* Search.framework in Frameworks */ = {isa = PBXBuildFile; fileRef = 3D5929D01C7F41E900B3CECC /* Search.framework */; };
		3D5929E01C7F41E900B3CECC /* ResponseParsingTests.swift in Sources */ = {isa = PBXBuildFile; fileRef = 3D5929DF1C7F41E900B3CECC /* ResponseParsingTests.swift */; };
		3D69EEF11C91849D004080EA /* PlacesSearchService.swift in Sources */ = {isa = PBXBuildFile; fileRef = 3D69EEF01C91849D004080EA /* PlacesSearchService.swift */; };
		3D69EEF31C918595004080EA /* PlacesSearchServiceTests.swift in Sources */ = {isa = PBXBuildFile; fileRef = 3D69EEF21C918595004080EA /* PlacesSearchServiceTests.swift */; };
		3D69EEFB1C91985A004080EA /* AppDelegate.swift in Sources */ = {isa = PBXBuildFile; fileRef = 3D69EEFA1C91985A004080EA /* AppDelegate.swift */; };
		3D69EEFD1C91985A004080EA /* ViewController.swift in Sources */ = {isa = PBXBuildFile; fileRef = 3D69EEFC1C91985A004080EA /* ViewController.swift */; };
		3D69EF001C91985A004080EA /* Main.storyboard in Resources */ = {isa = PBXBuildFile; fileRef = 3D69EEFE1C91985A004080EA /* Main.storyboard */; };
		3D69EF021C91985A004080EA /* Assets.xcassets in Resources */ = {isa = PBXBuildFile; fileRef = 3D69EF011C91985A004080EA /* Assets.xcassets */; };
		3D69EF051C91985B004080EA /* LaunchScreen.storyboard in Resources */ = {isa = PBXBuildFile; fileRef = 3D69EF031C91985B004080EA /* LaunchScreen.storyboard */; };
		3D69EF0B1C919CC4004080EA /* ResultsViewController.swift in Sources */ = {isa = PBXBuildFile; fileRef = 3D69EF0A1C919CC4004080EA /* ResultsViewController.swift */; };
		3D69EF0C1C919ED7004080EA /* Fetch.framework in Frameworks */ = {isa = PBXBuildFile; fileRef = 3D0ADE221C87090900D4FD37 /* Fetch.framework */; };
		3D69EF0E1C919EFD004080EA /* Fetch.framework in Embed Frameworks */ = {isa = PBXBuildFile; fileRef = 3D0ADE221C87090900D4FD37 /* Fetch.framework */; settings = {ATTRIBUTES = (CodeSignOnCopy, RemoveHeadersOnCopy, ); }; };
		3D69EF111C919FFA004080EA /* APIKEY in Resources */ = {isa = PBXBuildFile; fileRef = 3D69EF101C919FFA004080EA /* APIKEY */; };
		3D69EF121C91A044004080EA /* Search.framework in Frameworks */ = {isa = PBXBuildFile; fileRef = 3D5929D01C7F41E900B3CECC /* Search.framework */; };
		3D69EF131C91A044004080EA /* Search.framework in Embed Frameworks */ = {isa = PBXBuildFile; fileRef = 3D5929D01C7F41E900B3CECC /* Search.framework */; settings = {ATTRIBUTES = (CodeSignOnCopy, RemoveHeadersOnCopy, ); }; };
		3D69EF201C93199E004080EA /* SearchResult.swift in Sources */ = {isa = PBXBuildFile; fileRef = 3D69EF1C1C93199E004080EA /* SearchResult.swift */; };
		3D69EF221C93199E004080EA /* SearchResponse.swift in Sources */ = {isa = PBXBuildFile; fileRef = 3D69EF1E1C93199E004080EA /* SearchResponse.swift */; };
		3D69EF251C931B18004080EA /* OSJSON.framework in Frameworks */ = {isa = PBXBuildFile; fileRef = 3D69EF241C931B18004080EA /* OSJSON.framework */; };
		3D69EF261C931B29004080EA /* OSJSON.framework in Frameworks */ = {isa = PBXBuildFile; fileRef = 3D69EF241C931B18004080EA /* OSJSON.framework */; };
		3D69EF271C931B29004080EA /* OSJSON.framework in Embed Frameworks */ = {isa = PBXBuildFile; fileRef = 3D69EF241C931B18004080EA /* OSJSON.framework */; settings = {ATTRIBUTES = (CodeSignOnCopy, RemoveHeadersOnCopy, ); }; };
		3D69EF281C931B36004080EA /* OSJSON.framework in Frameworks */ = {isa = PBXBuildFile; fileRef = 3D69EF241C931B18004080EA /* OSJSON.framework */; };
		3D69EF291C931B3B004080EA /* OSJSON.framework in Embed Frameworks */ = {isa = PBXBuildFile; fileRef = 3D69EF241C931B18004080EA /* OSJSON.framework */; settings = {ATTRIBUTES = (CodeSignOnCopy, RemoveHeadersOnCopy, ); }; };
		3D7964A61C9970CB0081C6B4 /* test-response-optional-fields.json in Resources */ = {isa = PBXBuildFile; fileRef = 3D7964A51C9970CB0081C6B4 /* test-response-optional-fields.json */; };
		3D7964A81C99B0F50081C6B4 /* OSPlacesSearchServiceTests.swift in Sources */ = {isa = PBXBuildFile; fileRef = 3D7964A71C99B0F50081C6B4 /* OSPlacesSearchServiceTests.swift */; };
		3D7964AB1C99B1B10081C6B4 /* OSPlacesSearchService.swift in Sources */ = {isa = PBXBuildFile; fileRef = 3D7964AA1C99B1B10081C6B4 /* OSPlacesSearchService.swift */; };
		3D7964AD1C99B35C0081C6B4 /* Searchable.swift in Sources */ = {isa = PBXBuildFile; fileRef = 3D7964AC1C99B35C0081C6B4 /* Searchable.swift */; };
		3DB366FF1C8F103E000C2C7B /* test-response-bad-header.json in Resources */ = {isa = PBXBuildFile; fileRef = 3DB366FE1C8F103E000C2C7B /* test-response-bad-header.json */; };
		3DB367011C8F1089000C2C7B /* test-response-bad-results.json in Resources */ = {isa = PBXBuildFile; fileRef = 3DB367001C8F1089000C2C7B /* test-response-bad-results.json */; };
		3DB367031C8F182C000C2C7B /* 100-results.json in Resources */ = {isa = PBXBuildFile; fileRef = 3DB367021C8F182C000C2C7B /* 100-results.json */; };
		3DC343E81C9AD649003D7F09 /* main.m in Sources */ = {isa = PBXBuildFile; fileRef = 3DC343E71C9AD649003D7F09 /* main.m */; };
		3DC343EB1C9AD649003D7F09 /* AppDelegate.m in Sources */ = {isa = PBXBuildFile; fileRef = 3DC343EA1C9AD649003D7F09 /* AppDelegate.m */; };
		3DC343EE1C9AD649003D7F09 /* ViewController.m in Sources */ = {isa = PBXBuildFile; fileRef = 3DC343ED1C9AD649003D7F09 /* ViewController.m */; };
		3DC343F11C9AD649003D7F09 /* Main.storyboard in Resources */ = {isa = PBXBuildFile; fileRef = 3DC343EF1C9AD649003D7F09 /* Main.storyboard */; };
		3DC343F31C9AD649003D7F09 /* Assets.xcassets in Resources */ = {isa = PBXBuildFile; fileRef = 3DC343F21C9AD649003D7F09 /* Assets.xcassets */; };
		3DC343F61C9AD649003D7F09 /* LaunchScreen.storyboard in Resources */ = {isa = PBXBuildFile; fileRef = 3DC343F41C9AD649003D7F09 /* LaunchScreen.storyboard */; };
		3DC343FD1C9AD92F003D7F09 /* OSResultsViewController.m in Sources */ = {isa = PBXBuildFile; fileRef = 3DC343FC1C9AD92F003D7F09 /* OSResultsViewController.m */; };
		3DC343FE1C9ADA9D003D7F09 /* APIKEY in Resources */ = {isa = PBXBuildFile; fileRef = 3D69EF101C919FFA004080EA /* APIKEY */; };
		3DC343FF1C9ADAAF003D7F09 /* OSJSON.framework in Frameworks */ = {isa = PBXBuildFile; fileRef = 3D69EF241C931B18004080EA /* OSJSON.framework */; };
		3DC344001C9ADAB2003D7F09 /* Fetch.framework in Frameworks */ = {isa = PBXBuildFile; fileRef = 3D0ADE221C87090900D4FD37 /* Fetch.framework */; };
		3DC344011C9ADABF003D7F09 /* Search.framework in Frameworks */ = {isa = PBXBuildFile; fileRef = 3D5929D01C7F41E900B3CECC /* Search.framework */; };
		3DC344051C9ADAF2003D7F09 /* Search.framework in Embed Frameworks */ = {isa = PBXBuildFile; fileRef = 3D5929D01C7F41E900B3CECC /* Search.framework */; settings = {ATTRIBUTES = (CodeSignOnCopy, RemoveHeadersOnCopy, ); }; };
		3DC344061C9ADAF6003D7F09 /* OSJSON.framework in Embed Frameworks */ = {isa = PBXBuildFile; fileRef = 3D69EF241C931B18004080EA /* OSJSON.framework */; settings = {ATTRIBUTES = (CodeSignOnCopy, RemoveHeadersOnCopy, ); }; };
		3DC344071C9ADAF9003D7F09 /* Fetch.framework in Embed Frameworks */ = {isa = PBXBuildFile; fileRef = 3D0ADE221C87090900D4FD37 /* Fetch.framework */; settings = {ATTRIBUTES = (CodeSignOnCopy, RemoveHeadersOnCopy, ); }; };
		3DEAC4B51CA2F8840055E4C6 /* OSAPIResponse.framework in Frameworks */ = {isa = PBXBuildFile; fileRef = 3D53F1241CA2F38A0080707D /* OSAPIResponse.framework */; };
		3DEAC4B61CA2F8840055E4C6 /* OSTransformation.framework in Frameworks */ = {isa = PBXBuildFile; fileRef = 3D53F1251CA2F38A0080707D /* OSTransformation.framework */; };
		3DEAC4B71CA2F8870055E4C6 /* OSAPIResponse.framework in Embed Frameworks */ = {isa = PBXBuildFile; fileRef = 3D53F1241CA2F38A0080707D /* OSAPIResponse.framework */; settings = {ATTRIBUTES = (CodeSignOnCopy, RemoveHeadersOnCopy, ); }; };
		3DEAC4B81CA2F8870055E4C6 /* OSTransformation.framework in Embed Frameworks */ = {isa = PBXBuildFile; fileRef = 3D53F1251CA2F38A0080707D /* OSTransformation.framework */; settings = {ATTRIBUTES = (CodeSignOnCopy, RemoveHeadersOnCopy, ); }; };
		3DEAC4B91CA2F88A0055E4C6 /* OSAPIResponse.framework in Frameworks */ = {isa = PBXBuildFile; fileRef = 3D53F1241CA2F38A0080707D /* OSAPIResponse.framework */; };
		3DEAC4BA1CA2F88A0055E4C6 /* OSTransformation.framework in Frameworks */ = {isa = PBXBuildFile; fileRef = 3D53F1251CA2F38A0080707D /* OSTransformation.framework */; };
		3DEAC4BB1CA2F88C0055E4C6 /* OSAPIResponse.framework in Embed Frameworks */ = {isa = PBXBuildFile; fileRef = 3D53F1241CA2F38A0080707D /* OSAPIResponse.framework */; settings = {ATTRIBUTES = (CodeSignOnCopy, RemoveHeadersOnCopy, ); }; };
		3DEAC4BC1CA2F88C0055E4C6 /* OSTransformation.framework in Embed Frameworks */ = {isa = PBXBuildFile; fileRef = 3D53F1251CA2F38A0080707D /* OSTransformation.framework */; settings = {ATTRIBUTES = (CodeSignOnCopy, RemoveHeadersOnCopy, ); }; };
		3DF2D2FC1CA31C70009A216D /* OSTransformation.framework in Frameworks */ = {isa = PBXBuildFile; fileRef = 3D53F1251CA2F38A0080707D /* OSTransformation.framework */; };
		3DF2D2FD1CA31C72009A216D /* OSTransformation.framework in Embed Frameworks */ = {isa = PBXBuildFile; fileRef = 3D53F1251CA2F38A0080707D /* OSTransformation.framework */; settings = {ATTRIBUTES = (CodeSignOnCopy, RemoveHeadersOnCopy, ); }; };
		3DF7DA0C1CA30C90008101C8 /* OSAPIResponse.framework in Frameworks */ = {isa = PBXBuildFile; fileRef = 3D53F1241CA2F38A0080707D /* OSAPIResponse.framework */; };
		3DF7DA0D1CA30C94008101C8 /* OSAPIResponse.framework in Embed Frameworks */ = {isa = PBXBuildFile; fileRef = 3D53F1241CA2F38A0080707D /* OSAPIResponse.framework */; settings = {ATTRIBUTES = (CodeSignOnCopy, RemoveHeadersOnCopy, ); }; };
		45316D581CBBA17C002B7126 /* OpenNamesResponse.swift in Sources */ = {isa = PBXBuildFile; fileRef = 45316D571CBBA17C002B7126 /* OpenNamesResponse.swift */; };
		45316D5A1CBBA189002B7126 /* GazetteerEntry.swift in Sources */ = {isa = PBXBuildFile; fileRef = 45316D591CBBA189002B7126 /* GazetteerEntry.swift */; };
		45316D5C1CBBA1D9002B7126 /* OpenNamesResponse+Parsing.swift in Sources */ = {isa = PBXBuildFile; fileRef = 45316D5B1CBBA1D9002B7126 /* OpenNamesResponse+Parsing.swift */; };
		45316D5E1CBBC5C0002B7126 /* opennamesresponse.json in Resources */ = {isa = PBXBuildFile; fileRef = 45316D5D1CBBC5C0002B7126 /* opennamesresponse.json */; };
		45316D601CBBCB3B002B7126 /* OpenNamesSearchService.swift in Sources */ = {isa = PBXBuildFile; fileRef = 45316D5F1CBBCB3B002B7126 /* OpenNamesSearchService.swift */; };
		45316D621CBBDBBE002B7126 /* OpenNamesSearchServiceTests.swift in Sources */ = {isa = PBXBuildFile; fileRef = 45316D611CBBDBBE002B7126 /* OpenNamesSearchServiceTests.swift */; };
		45316D641CBBE17A002B7126 /* NumberFormatter.swift in Sources */ = {isa = PBXBuildFile; fileRef = 45316D631CBBE17A002B7126 /* NumberFormatter.swift */; };
		45316D661CBBF04F002B7126 /* Searchable+Implementation.swift in Sources */ = {isa = PBXBuildFile; fileRef = 45316D651CBBF04F002B7126 /* Searchable+Implementation.swift */; };
		45316D681CBCDE24002B7126 /* OSOpenNamesSearchService.swift in Sources */ = {isa = PBXBuildFile; fileRef = 45316D671CBCDE24002B7126 /* OSOpenNamesSearchService.swift */; };
		45316D6A1CBCF32B002B7126 /* OSOpenNamesSearchServiceTests.swift in Sources */ = {isa = PBXBuildFile; fileRef = 45316D691CBCF32B002B7126 /* OSOpenNamesSearchServiceTests.swift */; };
/* End PBXBuildFile section */

/* Begin PBXContainerItemProxy section */
		3D5929DC1C7F41E900B3CECC /* PBXContainerItemProxy */ = {
			isa = PBXContainerItemProxy;
			containerPortal = 3D5929C71C7F41E900B3CECC /* Project object */;
			proxyType = 1;
			remoteGlobalIDString = 3D5929CF1C7F41E900B3CECC;
			remoteInfo = Search;
		};
		3D69EF141C91A044004080EA /* PBXContainerItemProxy */ = {
			isa = PBXContainerItemProxy;
			containerPortal = 3D5929C71C7F41E900B3CECC /* Project object */;
			proxyType = 1;
			remoteGlobalIDString = 3D5929CF1C7F41E900B3CECC;
			remoteInfo = Search;
		};
		3DC344021C9ADAC4003D7F09 /* PBXContainerItemProxy */ = {
			isa = PBXContainerItemProxy;
			containerPortal = 3D5929C71C7F41E900B3CECC /* Project object */;
			proxyType = 1;
			remoteGlobalIDString = 3D5929CF1C7F41E900B3CECC;
			remoteInfo = Search;
		};
/* End PBXContainerItemProxy section */

/* Begin PBXCopyFilesBuildPhase section */
		3D0ADE281C87093600D4FD37 /* Embed Frameworks */ = {
			isa = PBXCopyFilesBuildPhase;
			buildActionMask = 2147483647;
			dstPath = "";
			dstSubfolderSpec = 10;
			files = (
				3D0ADE2D1C87096600D4FD37 /* Nimble.framework in Embed Frameworks */,
				3D69EF291C931B3B004080EA /* OSJSON.framework in Embed Frameworks */,
				3D0ADE2E1C87096600D4FD37 /* OHHTTPStubs.framework in Embed Frameworks */,
				3D0ADE321C870A1000D4FD37 /* Fetch.framework in Embed Frameworks */,
				3DF2D2FD1CA31C72009A216D /* OSTransformation.framework in Embed Frameworks */,
				3DF7DA0D1CA30C94008101C8 /* OSAPIResponse.framework in Embed Frameworks */,
			);
			name = "Embed Frameworks";
			runOnlyForDeploymentPostprocessing = 0;
		};
		3D69EF0F1C919EFD004080EA /* Embed Frameworks */ = {
			isa = PBXCopyFilesBuildPhase;
			buildActionMask = 2147483647;
			dstPath = "";
			dstSubfolderSpec = 10;
			files = (
				3D69EF131C91A044004080EA /* Search.framework in Embed Frameworks */,
				3D69EF0E1C919EFD004080EA /* Fetch.framework in Embed Frameworks */,
				3DEAC4B71CA2F8870055E4C6 /* OSAPIResponse.framework in Embed Frameworks */,
				3DEAC4B81CA2F8870055E4C6 /* OSTransformation.framework in Embed Frameworks */,
				3D69EF271C931B29004080EA /* OSJSON.framework in Embed Frameworks */,
			);
			name = "Embed Frameworks";
			runOnlyForDeploymentPostprocessing = 0;
		};
		3DC344041C9ADADF003D7F09 /* Embed Frameworks */ = {
			isa = PBXCopyFilesBuildPhase;
			buildActionMask = 2147483647;
			dstPath = "";
			dstSubfolderSpec = 10;
			files = (
				3DC344051C9ADAF2003D7F09 /* Search.framework in Embed Frameworks */,
				3DEAC4BB1CA2F88C0055E4C6 /* OSAPIResponse.framework in Embed Frameworks */,
				3DEAC4BC1CA2F88C0055E4C6 /* OSTransformation.framework in Embed Frameworks */,
				3DC344071C9ADAF9003D7F09 /* Fetch.framework in Embed Frameworks */,
				3DC344061C9ADAF6003D7F09 /* OSJSON.framework in Embed Frameworks */,
			);
			name = "Embed Frameworks";
			runOnlyForDeploymentPostprocessing = 0;
		};
/* End PBXCopyFilesBuildPhase section */

/* Begin PBXFileReference section */
		3D0ADE221C87090900D4FD37 /* Fetch.framework */ = {isa = PBXFileReference; lastKnownFileType = wrapper.framework; name = Fetch.framework; path = ../Carthage/Build/iOS/Fetch.framework; sourceTree = "<group>"; };
		3D0ADE2A1C87096600D4FD37 /* Nimble.framework */ = {isa = PBXFileReference; lastKnownFileType = wrapper.framework; name = Nimble.framework; path = ../Carthage/Build/iOS/Nimble.framework; sourceTree = "<group>"; };
		3D0ADE2B1C87096600D4FD37 /* OHHTTPStubs.framework */ = {isa = PBXFileReference; lastKnownFileType = wrapper.framework; name = OHHTTPStubs.framework; path = ../Carthage/Build/iOS/OHHTTPStubs.framework; sourceTree = "<group>"; };
		3D0ADE331C873E3400D4FD37 /* Response+Parsing.swift */ = {isa = PBXFileReference; fileEncoding = 4; lastKnownFileType = sourcecode.swift; path = "Response+Parsing.swift"; sourceTree = "<group>"; };
		3D0ADE351C873F6A00D4FD37 /* TestHelpers.swift */ = {isa = PBXFileReference; fileEncoding = 4; lastKnownFileType = sourcecode.swift; path = TestHelpers.swift; sourceTree = "<group>"; };
		3D0ADE371C87404000D4FD37 /* test-response.json */ = {isa = PBXFileReference; fileEncoding = 4; lastKnownFileType = text.json; path = "test-response.json"; sourceTree = "<group>"; };
		3D53F1241CA2F38A0080707D /* OSAPIResponse.framework */ = {isa = PBXFileReference; lastKnownFileType = wrapper.framework; name = OSAPIResponse.framework; path = Carthage/Build/iOS/OSAPIResponse.framework; sourceTree = SOURCE_ROOT; };
		3D53F1251CA2F38A0080707D /* OSTransformation.framework */ = {isa = PBXFileReference; lastKnownFileType = wrapper.framework; name = OSTransformation.framework; path = Carthage/Build/iOS/OSTransformation.framework; sourceTree = SOURCE_ROOT; };
		3D5929D01C7F41E900B3CECC /* Search.framework */ = {isa = PBXFileReference; explicitFileType = wrapper.framework; includeInIndex = 0; path = Search.framework; sourceTree = BUILT_PRODUCTS_DIR; };
		3D5929D31C7F41E900B3CECC /* Search.h */ = {isa = PBXFileReference; lastKnownFileType = sourcecode.c.h; path = Search.h; sourceTree = "<group>"; };
		3D5929D51C7F41E900B3CECC /* Info.plist */ = {isa = PBXFileReference; lastKnownFileType = text.plist.xml; path = Info.plist; sourceTree = "<group>"; };
		3D5929DA1C7F41E900B3CECC /* SearchTests.xctest */ = {isa = PBXFileReference; explicitFileType = wrapper.cfbundle; includeInIndex = 0; path = SearchTests.xctest; sourceTree = BUILT_PRODUCTS_DIR; };
		3D5929DF1C7F41E900B3CECC /* ResponseParsingTests.swift */ = {isa = PBXFileReference; lastKnownFileType = sourcecode.swift; path = ResponseParsingTests.swift; sourceTree = "<group>"; };
		3D5929E11C7F41E900B3CECC /* Info.plist */ = {isa = PBXFileReference; lastKnownFileType = text.plist.xml; path = Info.plist; sourceTree = "<group>"; };
		3D69EEF01C91849D004080EA /* PlacesSearchService.swift */ = {isa = PBXFileReference; fileEncoding = 4; lastKnownFileType = sourcecode.swift; path = PlacesSearchService.swift; sourceTree = "<group>"; };
		3D69EEF21C918595004080EA /* PlacesSearchServiceTests.swift */ = {isa = PBXFileReference; fileEncoding = 4; lastKnownFileType = sourcecode.swift; path = PlacesSearchServiceTests.swift; sourceTree = "<group>"; };
		3D69EEF81C91985A004080EA /* SearchExampleSwift.app */ = {isa = PBXFileReference; explicitFileType = wrapper.application; includeInIndex = 0; path = SearchExampleSwift.app; sourceTree = BUILT_PRODUCTS_DIR; };
		3D69EEFA1C91985A004080EA /* AppDelegate.swift */ = {isa = PBXFileReference; lastKnownFileType = sourcecode.swift; path = AppDelegate.swift; sourceTree = "<group>"; };
		3D69EEFC1C91985A004080EA /* ViewController.swift */ = {isa = PBXFileReference; lastKnownFileType = sourcecode.swift; path = ViewController.swift; sourceTree = "<group>"; };
		3D69EEFF1C91985A004080EA /* Base */ = {isa = PBXFileReference; lastKnownFileType = file.storyboard; name = Base; path = Base.lproj/Main.storyboard; sourceTree = "<group>"; };
		3D69EF011C91985A004080EA /* Assets.xcassets */ = {isa = PBXFileReference; lastKnownFileType = folder.assetcatalog; path = Assets.xcassets; sourceTree = "<group>"; };
		3D69EF041C91985B004080EA /* Base */ = {isa = PBXFileReference; lastKnownFileType = file.storyboard; name = Base; path = Base.lproj/LaunchScreen.storyboard; sourceTree = "<group>"; };
		3D69EF061C91985B004080EA /* Info.plist */ = {isa = PBXFileReference; lastKnownFileType = text.plist.xml; path = Info.plist; sourceTree = "<group>"; };
		3D69EF0A1C919CC4004080EA /* ResultsViewController.swift */ = {isa = PBXFileReference; fileEncoding = 4; lastKnownFileType = sourcecode.swift; path = ResultsViewController.swift; sourceTree = "<group>"; };
		3D69EF101C919FFA004080EA /* APIKEY */ = {isa = PBXFileReference; fileEncoding = 4; lastKnownFileType = text; path = APIKEY; sourceTree = "<group>"; };
		3D69EF1C1C93199E004080EA /* SearchResult.swift */ = {isa = PBXFileReference; fileEncoding = 4; lastKnownFileType = sourcecode.swift; path = SearchResult.swift; sourceTree = "<group>"; };
		3D69EF1E1C93199E004080EA /* SearchResponse.swift */ = {isa = PBXFileReference; fileEncoding = 4; lastKnownFileType = sourcecode.swift; path = SearchResponse.swift; sourceTree = "<group>"; };
		3D69EF241C931B18004080EA /* OSJSON.framework */ = {isa = PBXFileReference; lastKnownFileType = wrapper.framework; name = OSJSON.framework; path = Carthage/Build/iOS/OSJSON.framework; sourceTree = SOURCE_ROOT; };
		3D7964A51C9970CB0081C6B4 /* test-response-optional-fields.json */ = {isa = PBXFileReference; fileEncoding = 4; lastKnownFileType = text.json; path = "test-response-optional-fields.json"; sourceTree = "<group>"; };
		3D7964A71C99B0F50081C6B4 /* OSPlacesSearchServiceTests.swift */ = {isa = PBXFileReference; fileEncoding = 4; lastKnownFileType = sourcecode.swift; path = OSPlacesSearchServiceTests.swift; sourceTree = "<group>"; };
		3D7964AA1C99B1B10081C6B4 /* OSPlacesSearchService.swift */ = {isa = PBXFileReference; fileEncoding = 4; lastKnownFileType = sourcecode.swift; path = OSPlacesSearchService.swift; sourceTree = "<group>"; };
		3D7964AC1C99B35C0081C6B4 /* Searchable.swift */ = {isa = PBXFileReference; fileEncoding = 4; lastKnownFileType = sourcecode.swift; path = Searchable.swift; sourceTree = "<group>"; };
		3DB366FE1C8F103E000C2C7B /* test-response-bad-header.json */ = {isa = PBXFileReference; fileEncoding = 4; lastKnownFileType = text.json; path = "test-response-bad-header.json"; sourceTree = "<group>"; };
		3DB367001C8F1089000C2C7B /* test-response-bad-results.json */ = {isa = PBXFileReference; fileEncoding = 4; lastKnownFileType = text.json; path = "test-response-bad-results.json"; sourceTree = "<group>"; };
		3DB367021C8F182C000C2C7B /* 100-results.json */ = {isa = PBXFileReference; fileEncoding = 4; lastKnownFileType = text.json; path = "100-results.json"; sourceTree = "<group>"; };
		3DC343E41C9AD648003D7F09 /* SearchExampleObjC.app */ = {isa = PBXFileReference; explicitFileType = wrapper.application; includeInIndex = 0; path = SearchExampleObjC.app; sourceTree = BUILT_PRODUCTS_DIR; };
		3DC343E71C9AD649003D7F09 /* main.m */ = {isa = PBXFileReference; lastKnownFileType = sourcecode.c.objc; path = main.m; sourceTree = "<group>"; };
		3DC343E91C9AD649003D7F09 /* AppDelegate.h */ = {isa = PBXFileReference; lastKnownFileType = sourcecode.c.h; path = AppDelegate.h; sourceTree = "<group>"; };
		3DC343EA1C9AD649003D7F09 /* AppDelegate.m */ = {isa = PBXFileReference; lastKnownFileType = sourcecode.c.objc; path = AppDelegate.m; sourceTree = "<group>"; };
		3DC343EC1C9AD649003D7F09 /* ViewController.h */ = {isa = PBXFileReference; lastKnownFileType = sourcecode.c.h; path = ViewController.h; sourceTree = "<group>"; };
		3DC343ED1C9AD649003D7F09 /* ViewController.m */ = {isa = PBXFileReference; lastKnownFileType = sourcecode.c.objc; path = ViewController.m; sourceTree = "<group>"; };
		3DC343F01C9AD649003D7F09 /* Base */ = {isa = PBXFileReference; lastKnownFileType = file.storyboard; name = Base; path = Base.lproj/Main.storyboard; sourceTree = "<group>"; };
		3DC343F21C9AD649003D7F09 /* Assets.xcassets */ = {isa = PBXFileReference; lastKnownFileType = folder.assetcatalog; path = Assets.xcassets; sourceTree = "<group>"; };
		3DC343F51C9AD649003D7F09 /* Base */ = {isa = PBXFileReference; lastKnownFileType = file.storyboard; name = Base; path = Base.lproj/LaunchScreen.storyboard; sourceTree = "<group>"; };
		3DC343F71C9AD649003D7F09 /* Info.plist */ = {isa = PBXFileReference; lastKnownFileType = text.plist.xml; path = Info.plist; sourceTree = "<group>"; };
		3DC343FB1C9AD92F003D7F09 /* OSResultsViewController.h */ = {isa = PBXFileReference; fileEncoding = 4; lastKnownFileType = sourcecode.c.h; path = OSResultsViewController.h; sourceTree = "<group>"; };
		3DC343FC1C9AD92F003D7F09 /* OSResultsViewController.m */ = {isa = PBXFileReference; fileEncoding = 4; lastKnownFileType = sourcecode.c.objc; path = OSResultsViewController.m; sourceTree = "<group>"; };
		45316D571CBBA17C002B7126 /* OpenNamesResponse.swift */ = {isa = PBXFileReference; fileEncoding = 4; lastKnownFileType = sourcecode.swift; path = OpenNamesResponse.swift; sourceTree = "<group>"; };
		45316D591CBBA189002B7126 /* GazetteerEntry.swift */ = {isa = PBXFileReference; fileEncoding = 4; lastKnownFileType = sourcecode.swift; path = GazetteerEntry.swift; sourceTree = "<group>"; };
		45316D5B1CBBA1D9002B7126 /* OpenNamesResponse+Parsing.swift */ = {isa = PBXFileReference; fileEncoding = 4; lastKnownFileType = sourcecode.swift; path = "OpenNamesResponse+Parsing.swift"; sourceTree = "<group>"; };
		45316D5D1CBBC5C0002B7126 /* opennamesresponse.json */ = {isa = PBXFileReference; fileEncoding = 4; lastKnownFileType = text.json; path = opennamesresponse.json; sourceTree = "<group>"; };
		45316D5F1CBBCB3B002B7126 /* OpenNamesSearchService.swift */ = {isa = PBXFileReference; fileEncoding = 4; lastKnownFileType = sourcecode.swift; path = OpenNamesSearchService.swift; sourceTree = "<group>"; };
		45316D611CBBDBBE002B7126 /* OpenNamesSearchServiceTests.swift */ = {isa = PBXFileReference; fileEncoding = 4; lastKnownFileType = sourcecode.swift; path = OpenNamesSearchServiceTests.swift; sourceTree = "<group>"; };
		45316D631CBBE17A002B7126 /* NumberFormatter.swift */ = {isa = PBXFileReference; fileEncoding = 4; lastKnownFileType = sourcecode.swift; path = NumberFormatter.swift; sourceTree = "<group>"; };
		45316D651CBBF04F002B7126 /* Searchable+Implementation.swift */ = {isa = PBXFileReference; fileEncoding = 4; lastKnownFileType = sourcecode.swift; path = "Searchable+Implementation.swift"; sourceTree = "<group>"; };
		45316D671CBCDE24002B7126 /* OSOpenNamesSearchService.swift */ = {isa = PBXFileReference; fileEncoding = 4; lastKnownFileType = sourcecode.swift; path = OSOpenNamesSearchService.swift; sourceTree = "<group>"; };
		45316D691CBCF32B002B7126 /* OSOpenNamesSearchServiceTests.swift */ = {isa = PBXFileReference; fileEncoding = 4; lastKnownFileType = sourcecode.swift; path = OSOpenNamesSearchServiceTests.swift; sourceTree = "<group>"; };
/* End PBXFileReference section */

/* Begin PBXFrameworksBuildPhase section */
		3D5929CC1C7F41E900B3CECC /* Frameworks */ = {
			isa = PBXFrameworksBuildPhase;
			buildActionMask = 2147483647;
			files = (
				3D0ADE231C87090900D4FD37 /* Fetch.framework in Frameworks */,
				3D53F1261CA2F38A0080707D /* OSAPIResponse.framework in Frameworks */,
				3D69EF251C931B18004080EA /* OSJSON.framework in Frameworks */,
				3D53F1271CA2F38A0080707D /* OSTransformation.framework in Frameworks */,
			);
			runOnlyForDeploymentPostprocessing = 0;
		};
		3D5929D71C7F41E900B3CECC /* Frameworks */ = {
			isa = PBXFrameworksBuildPhase;
			buildActionMask = 2147483647;
			files = (
				3D5929DB1C7F41E900B3CECC /* Search.framework in Frameworks */,
				3D0ADE301C870A0100D4FD37 /* Nimble.framework in Frameworks */,
				3D69EF281C931B36004080EA /* OSJSON.framework in Frameworks */,
				3D0ADE311C870A0300D4FD37 /* OHHTTPStubs.framework in Frameworks */,
				3DF2D2FC1CA31C70009A216D /* OSTransformation.framework in Frameworks */,
				3DF7DA0C1CA30C90008101C8 /* OSAPIResponse.framework in Frameworks */,
			);
			runOnlyForDeploymentPostprocessing = 0;
		};
		3D69EEF51C91985A004080EA /* Frameworks */ = {
			isa = PBXFrameworksBuildPhase;
			buildActionMask = 2147483647;
			files = (
				3D69EF121C91A044004080EA /* Search.framework in Frameworks */,
				3D69EF0C1C919ED7004080EA /* Fetch.framework in Frameworks */,
				3DEAC4B51CA2F8840055E4C6 /* OSAPIResponse.framework in Frameworks */,
				3DEAC4B61CA2F8840055E4C6 /* OSTransformation.framework in Frameworks */,
				3D69EF261C931B29004080EA /* OSJSON.framework in Frameworks */,
			);
			runOnlyForDeploymentPostprocessing = 0;
		};
		3DC343E11C9AD648003D7F09 /* Frameworks */ = {
			isa = PBXFrameworksBuildPhase;
			buildActionMask = 2147483647;
			files = (
				3DC343FF1C9ADAAF003D7F09 /* OSJSON.framework in Frameworks */,
				3DC344001C9ADAB2003D7F09 /* Fetch.framework in Frameworks */,
				3DEAC4B91CA2F88A0055E4C6 /* OSAPIResponse.framework in Frameworks */,
				3DEAC4BA1CA2F88A0055E4C6 /* OSTransformation.framework in Frameworks */,
				3DC344011C9ADABF003D7F09 /* Search.framework in Frameworks */,
			);
			runOnlyForDeploymentPostprocessing = 0;
		};
/* End PBXFrameworksBuildPhase section */

/* Begin PBXGroup section */
		3D0ADE111C85C95F00D4FD37 /* Response Model */ = {
			isa = PBXGroup;
			children = (
				3D69EF1C1C93199E004080EA /* SearchResult.swift */,
				3D69EF1E1C93199E004080EA /* SearchResponse.swift */,
				3D0ADE331C873E3400D4FD37 /* Response+Parsing.swift */,
				45316D571CBBA17C002B7126 /* OpenNamesResponse.swift */,
				45316D591CBBA189002B7126 /* GazetteerEntry.swift */,
				45316D5B1CBBA1D9002B7126 /* OpenNamesResponse+Parsing.swift */,
			);
			name = "Response Model";
			sourceTree = "<group>";
		};
		3D53F1281CA2F38F0080707D /* Frameworks */ = {
			isa = PBXGroup;
			children = (
				3D53F1241CA2F38A0080707D /* OSAPIResponse.framework */,
				3D53F1251CA2F38A0080707D /* OSTransformation.framework */,
				3D69EF241C931B18004080EA /* OSJSON.framework */,
				3D0ADE221C87090900D4FD37 /* Fetch.framework */,
			);
			name = Frameworks;
			sourceTree = "<group>";
		};
		3D5929C61C7F41E900B3CECC = {
			isa = PBXGroup;
			children = (
				3D5929D21C7F41E900B3CECC /* Search */,
				3D5929DE1C7F41E900B3CECC /* SearchTests */,
				3D69EEF91C91985A004080EA /* SearchExampleSwift */,
				3DC343E51C9AD649003D7F09 /* SearchExampleObjC */,
				3D5929D11C7F41E900B3CECC /* Products */,
			);
			sourceTree = "<group>";
		};
		3D5929D11C7F41E900B3CECC /* Products */ = {
			isa = PBXGroup;
			children = (
				3D5929D01C7F41E900B3CECC /* Search.framework */,
				3D5929DA1C7F41E900B3CECC /* SearchTests.xctest */,
				3D69EEF81C91985A004080EA /* SearchExampleSwift.app */,
				3DC343E41C9AD648003D7F09 /* SearchExampleObjC.app */,
			);
			name = Products;
			sourceTree = "<group>";
		};
		3D5929D21C7F41E900B3CECC /* Search */ = {
			isa = PBXGroup;
			children = (
				3D5929D31C7F41E900B3CECC /* Search.h */,
				45316D631CBBE17A002B7126 /* NumberFormatter.swift */,
				3D69EEF01C91849D004080EA /* PlacesSearchService.swift */,
				3D7964AA1C99B1B10081C6B4 /* OSPlacesSearchService.swift */,
				45316D5F1CBBCB3B002B7126 /* OpenNamesSearchService.swift */,
				45316D671CBCDE24002B7126 /* OSOpenNamesSearchService.swift */,
				3D0ADE111C85C95F00D4FD37 /* Response Model */,
				3D7964AC1C99B35C0081C6B4 /* Searchable.swift */,
				45316D651CBBF04F002B7126 /* Searchable+Implementation.swift */,
				3D5929D51C7F41E900B3CECC /* Info.plist */,
				3D53F1281CA2F38F0080707D /* Frameworks */,
			);
			path = Search;
			sourceTree = "<group>";
		};
		3D5929DE1C7F41E900B3CECC /* SearchTests */ = {
			isa = PBXGroup;
			children = (
				3D5929DF1C7F41E900B3CECC /* ResponseParsingTests.swift */,
				3D69EEF21C918595004080EA /* PlacesSearchServiceTests.swift */,
				45316D611CBBDBBE002B7126 /* OpenNamesSearchServiceTests.swift */,
				3D7964A71C99B0F50081C6B4 /* OSPlacesSearchServiceTests.swift */,
				45316D691CBCF32B002B7126 /* OSOpenNamesSearchServiceTests.swift */,
				3D7964A91C99B1000081C6B4 /* Fixtures */,
				3D5929E11C7F41E900B3CECC /* Info.plist */,
				3D0ADE2A1C87096600D4FD37 /* Nimble.framework */,
				3D0ADE2B1C87096600D4FD37 /* OHHTTPStubs.framework */,
			);
			path = SearchTests;
			sourceTree = "<group>";
		};
		3D69EEF91C91985A004080EA /* SearchExampleSwift */ = {
			isa = PBXGroup;
			children = (
				3D69EEFA1C91985A004080EA /* AppDelegate.swift */,
				3D69EEFC1C91985A004080EA /* ViewController.swift */,
				3D69EF0A1C919CC4004080EA /* ResultsViewController.swift */,
				3D69EEFE1C91985A004080EA /* Main.storyboard */,
				3D69EF011C91985A004080EA /* Assets.xcassets */,
				3D69EF031C91985B004080EA /* LaunchScreen.storyboard */,
				3D69EF061C91985B004080EA /* Info.plist */,
				3D69EF101C919FFA004080EA /* APIKEY */,
			);
			path = SearchExampleSwift;
			sourceTree = "<group>";
		};
		3D7964A91C99B1000081C6B4 /* Fixtures */ = {
			isa = PBXGroup;
			children = (
				3D0ADE371C87404000D4FD37 /* test-response.json */,
				3DB366FE1C8F103E000C2C7B /* test-response-bad-header.json */,
				3DB367001C8F1089000C2C7B /* test-response-bad-results.json */,
				3D7964A51C9970CB0081C6B4 /* test-response-optional-fields.json */,
				3DB367021C8F182C000C2C7B /* 100-results.json */,
				3D0ADE351C873F6A00D4FD37 /* TestHelpers.swift */,
				45316D5D1CBBC5C0002B7126 /* opennamesresponse.json */,
			);
			name = Fixtures;
			sourceTree = "<group>";
		};
		3DC343E51C9AD649003D7F09 /* SearchExampleObjC */ = {
			isa = PBXGroup;
			children = (
				3DC343E91C9AD649003D7F09 /* AppDelegate.h */,
				3DC343EA1C9AD649003D7F09 /* AppDelegate.m */,
				3DC343EC1C9AD649003D7F09 /* ViewController.h */,
				3DC343ED1C9AD649003D7F09 /* ViewController.m */,
				3DC343FB1C9AD92F003D7F09 /* OSResultsViewController.h */,
				3DC343FC1C9AD92F003D7F09 /* OSResultsViewController.m */,
				3DC343EF1C9AD649003D7F09 /* Main.storyboard */,
				3DC343F21C9AD649003D7F09 /* Assets.xcassets */,
				3DC343F41C9AD649003D7F09 /* LaunchScreen.storyboard */,
				3DC343F71C9AD649003D7F09 /* Info.plist */,
				3DC343E61C9AD649003D7F09 /* Supporting Files */,
			);
			path = SearchExampleObjC;
			sourceTree = "<group>";
		};
		3DC343E61C9AD649003D7F09 /* Supporting Files */ = {
			isa = PBXGroup;
			children = (
				3DC343E71C9AD649003D7F09 /* main.m */,
			);
			name = "Supporting Files";
			sourceTree = "<group>";
		};
/* End PBXGroup section */

/* Begin PBXHeadersBuildPhase section */
		3D5929CD1C7F41E900B3CECC /* Headers */ = {
			isa = PBXHeadersBuildPhase;
			buildActionMask = 2147483647;
			files = (
				3D5929D41C7F41E900B3CECC /* Search.h in Headers */,
			);
			runOnlyForDeploymentPostprocessing = 0;
		};
/* End PBXHeadersBuildPhase section */

/* Begin PBXNativeTarget section */
		3D5929CF1C7F41E900B3CECC /* Search */ = {
			isa = PBXNativeTarget;
			buildConfigurationList = 3D5929E41C7F41E900B3CECC /* Build configuration list for PBXNativeTarget "Search" */;
			buildPhases = (
				3D5929CB1C7F41E900B3CECC /* Sources */,
				3D5929CC1C7F41E900B3CECC /* Frameworks */,
				3D5929CD1C7F41E900B3CECC /* Headers */,
				3D5929CE1C7F41E900B3CECC /* Resources */,
			);
			buildRules = (
			);
			dependencies = (
			);
			name = Search;
			productName = Search;
			productReference = 3D5929D01C7F41E900B3CECC /* Search.framework */;
			productType = "com.apple.product-type.framework";
		};
		3D5929D91C7F41E900B3CECC /* SearchTests */ = {
			isa = PBXNativeTarget;
			buildConfigurationList = 3D5929E71C7F41E900B3CECC /* Build configuration list for PBXNativeTarget "SearchTests" */;
			buildPhases = (
				3D5929D61C7F41E900B3CECC /* Sources */,
				3D5929D71C7F41E900B3CECC /* Frameworks */,
				3D5929D81C7F41E900B3CECC /* Resources */,
				3D0ADE281C87093600D4FD37 /* Embed Frameworks */,
			);
			buildRules = (
			);
			dependencies = (
				3D5929DD1C7F41E900B3CECC /* PBXTargetDependency */,
			);
			name = SearchTests;
			productName = SearchTests;
			productReference = 3D5929DA1C7F41E900B3CECC /* SearchTests.xctest */;
			productType = "com.apple.product-type.bundle.unit-test";
		};
		3D69EEF71C91985A004080EA /* SearchExampleSwift */ = {
			isa = PBXNativeTarget;
			buildConfigurationList = 3D69EF071C91985B004080EA /* Build configuration list for PBXNativeTarget "SearchExampleSwift" */;
			buildPhases = (
				3D69EEF41C91985A004080EA /* Sources */,
				3D69EEF51C91985A004080EA /* Frameworks */,
				3D69EEF61C91985A004080EA /* Resources */,
				3D69EF0F1C919EFD004080EA /* Embed Frameworks */,
			);
			buildRules = (
			);
			dependencies = (
				3D69EF151C91A044004080EA /* PBXTargetDependency */,
			);
			name = SearchExampleSwift;
			productName = SearchExampleSwift;
			productReference = 3D69EEF81C91985A004080EA /* SearchExampleSwift.app */;
			productType = "com.apple.product-type.application";
		};
		3DC343E31C9AD648003D7F09 /* SearchExampleObjC */ = {
			isa = PBXNativeTarget;
			buildConfigurationList = 3DC343FA1C9AD649003D7F09 /* Build configuration list for PBXNativeTarget "SearchExampleObjC" */;
			buildPhases = (
				3DC343E01C9AD648003D7F09 /* Sources */,
				3DC343E11C9AD648003D7F09 /* Frameworks */,
				3DC343E21C9AD648003D7F09 /* Resources */,
				3DC344041C9ADADF003D7F09 /* Embed Frameworks */,
			);
			buildRules = (
			);
			dependencies = (
				3DC344031C9ADAC4003D7F09 /* PBXTargetDependency */,
			);
			name = SearchExampleObjC;
			productName = SearchExampleObjC;
			productReference = 3DC343E41C9AD648003D7F09 /* SearchExampleObjC.app */;
			productType = "com.apple.product-type.application";
		};
/* End PBXNativeTarget section */

/* Begin PBXProject section */
		3D5929C71C7F41E900B3CECC /* Project object */ = {
			isa = PBXProject;
			attributes = {
				LastSwiftUpdateCheck = 0720;
				LastUpgradeCheck = 0720;
				ORGANIZATIONNAME = "Ordnance Survey";
				TargetAttributes = {
					3D5929CF1C7F41E900B3CECC = {
						CreatedOnToolsVersion = 7.2;
					};
					3D5929D91C7F41E900B3CECC = {
						CreatedOnToolsVersion = 7.2;
					};
					3D69EEF71C91985A004080EA = {
						CreatedOnToolsVersion = 7.2;
					};
					3DC343E31C9AD648003D7F09 = {
						CreatedOnToolsVersion = 7.2;
					};
				};
			};
			buildConfigurationList = 3D5929CA1C7F41E900B3CECC /* Build configuration list for PBXProject "Search" */;
			compatibilityVersion = "Xcode 3.2";
			developmentRegion = English;
			hasScannedForEncodings = 0;
			knownRegions = (
				en,
				Base,
			);
			mainGroup = 3D5929C61C7F41E900B3CECC;
			productRefGroup = 3D5929D11C7F41E900B3CECC /* Products */;
			projectDirPath = "";
			projectRoot = "";
			targets = (
				3D5929CF1C7F41E900B3CECC /* Search */,
				3D5929D91C7F41E900B3CECC /* SearchTests */,
				3D69EEF71C91985A004080EA /* SearchExampleSwift */,
				3DC343E31C9AD648003D7F09 /* SearchExampleObjC */,
			);
		};
/* End PBXProject section */

/* Begin PBXResourcesBuildPhase section */
		3D5929CE1C7F41E900B3CECC /* Resources */ = {
			isa = PBXResourcesBuildPhase;
			buildActionMask = 2147483647;
			files = (
			);
			runOnlyForDeploymentPostprocessing = 0;
		};
		3D5929D81C7F41E900B3CECC /* Resources */ = {
			isa = PBXResourcesBuildPhase;
			buildActionMask = 2147483647;
			files = (
				3DB367031C8F182C000C2C7B /* 100-results.json in Resources */,
				3D0ADE381C87404000D4FD37 /* test-response.json in Resources */,
				3DB366FF1C8F103E000C2C7B /* test-response-bad-header.json in Resources */,
				3DB367011C8F1089000C2C7B /* test-response-bad-results.json in Resources */,
				3D7964A61C9970CB0081C6B4 /* test-response-optional-fields.json in Resources */,
				45316D5E1CBBC5C0002B7126 /* opennamesresponse.json in Resources */,
			);
			runOnlyForDeploymentPostprocessing = 0;
		};
		3D69EEF61C91985A004080EA /* Resources */ = {
			isa = PBXResourcesBuildPhase;
			buildActionMask = 2147483647;
			files = (
				3D69EF051C91985B004080EA /* LaunchScreen.storyboard in Resources */,
				3D69EF111C919FFA004080EA /* APIKEY in Resources */,
				3D69EF021C91985A004080EA /* Assets.xcassets in Resources */,
				3D69EF001C91985A004080EA /* Main.storyboard in Resources */,
			);
			runOnlyForDeploymentPostprocessing = 0;
		};
		3DC343E21C9AD648003D7F09 /* Resources */ = {
			isa = PBXResourcesBuildPhase;
			buildActionMask = 2147483647;
			files = (
				3DC343F61C9AD649003D7F09 /* LaunchScreen.storyboard in Resources */,
				3DC343F31C9AD649003D7F09 /* Assets.xcassets in Resources */,
				3DC343F11C9AD649003D7F09 /* Main.storyboard in Resources */,
				3DC343FE1C9ADA9D003D7F09 /* APIKEY in Resources */,
			);
			runOnlyForDeploymentPostprocessing = 0;
		};
/* End PBXResourcesBuildPhase section */

/* Begin PBXSourcesBuildPhase section */
		3D5929CB1C7F41E900B3CECC /* Sources */ = {
			isa = PBXSourcesBuildPhase;
			buildActionMask = 2147483647;
			files = (
				3D7964AB1C99B1B10081C6B4 /* OSPlacesSearchService.swift in Sources */,
				3D69EEF11C91849D004080EA /* PlacesSearchService.swift in Sources */,
				45316D5C1CBBA1D9002B7126 /* OpenNamesResponse+Parsing.swift in Sources */,
				45316D5A1CBBA189002B7126 /* GazetteerEntry.swift in Sources */,
				45316D601CBBCB3B002B7126 /* OpenNamesSearchService.swift in Sources */,
				45316D681CBCDE24002B7126 /* OSOpenNamesSearchService.swift in Sources */,
				45316D661CBBF04F002B7126 /* Searchable+Implementation.swift in Sources */,
				3D0ADE341C873E3400D4FD37 /* Response+Parsing.swift in Sources */,
				45316D641CBBE17A002B7126 /* NumberFormatter.swift in Sources */,
				3D7964AD1C99B35C0081C6B4 /* Searchable.swift in Sources */,
				45316D581CBBA17C002B7126 /* OpenNamesResponse.swift in Sources */,
				3D69EF201C93199E004080EA /* SearchResult.swift in Sources */,
				3D69EF221C93199E004080EA /* SearchResponse.swift in Sources */,
			);
			runOnlyForDeploymentPostprocessing = 0;
		};
		3D5929D61C7F41E900B3CECC /* Sources */ = {
			isa = PBXSourcesBuildPhase;
			buildActionMask = 2147483647;
			files = (
				45316D6A1CBCF32B002B7126 /* OSOpenNamesSearchServiceTests.swift in Sources */,
				3D5929E01C7F41E900B3CECC /* ResponseParsingTests.swift in Sources */,
				3D69EEF31C918595004080EA /* PlacesSearchServiceTests.swift in Sources */,
				3D7964A81C99B0F50081C6B4 /* OSPlacesSearchServiceTests.swift in Sources */,
				45316D621CBBDBBE002B7126 /* OpenNamesSearchServiceTests.swift in Sources */,
				3D0ADE361C873F6A00D4FD37 /* TestHelpers.swift in Sources */,
			);
			runOnlyForDeploymentPostprocessing = 0;
		};
		3D69EEF41C91985A004080EA /* Sources */ = {
			isa = PBXSourcesBuildPhase;
			buildActionMask = 2147483647;
			files = (
				3D69EF0B1C919CC4004080EA /* ResultsViewController.swift in Sources */,
				3D69EEFD1C91985A004080EA /* ViewController.swift in Sources */,
				3D69EEFB1C91985A004080EA /* AppDelegate.swift in Sources */,
			);
			runOnlyForDeploymentPostprocessing = 0;
		};
		3DC343E01C9AD648003D7F09 /* Sources */ = {
			isa = PBXSourcesBuildPhase;
			buildActionMask = 2147483647;
			files = (
				3DC343EE1C9AD649003D7F09 /* ViewController.m in Sources */,
				3DC343EB1C9AD649003D7F09 /* AppDelegate.m in Sources */,
				3DC343E81C9AD649003D7F09 /* main.m in Sources */,
				3DC343FD1C9AD92F003D7F09 /* OSResultsViewController.m in Sources */,
			);
			runOnlyForDeploymentPostprocessing = 0;
		};
/* End PBXSourcesBuildPhase section */

/* Begin PBXTargetDependency section */
		3D5929DD1C7F41E900B3CECC /* PBXTargetDependency */ = {
			isa = PBXTargetDependency;
			target = 3D5929CF1C7F41E900B3CECC /* Search */;
			targetProxy = 3D5929DC1C7F41E900B3CECC /* PBXContainerItemProxy */;
		};
		3D69EF151C91A044004080EA /* PBXTargetDependency */ = {
			isa = PBXTargetDependency;
			target = 3D5929CF1C7F41E900B3CECC /* Search */;
			targetProxy = 3D69EF141C91A044004080EA /* PBXContainerItemProxy */;
		};
		3DC344031C9ADAC4003D7F09 /* PBXTargetDependency */ = {
			isa = PBXTargetDependency;
			target = 3D5929CF1C7F41E900B3CECC /* Search */;
			targetProxy = 3DC344021C9ADAC4003D7F09 /* PBXContainerItemProxy */;
		};
/* End PBXTargetDependency section */

/* Begin PBXVariantGroup section */
		3D69EEFE1C91985A004080EA /* Main.storyboard */ = {
			isa = PBXVariantGroup;
			children = (
				3D69EEFF1C91985A004080EA /* Base */,
			);
			name = Main.storyboard;
			sourceTree = "<group>";
		};
		3D69EF031C91985B004080EA /* LaunchScreen.storyboard */ = {
			isa = PBXVariantGroup;
			children = (
				3D69EF041C91985B004080EA /* Base */,
			);
			name = LaunchScreen.storyboard;
			sourceTree = "<group>";
		};
		3DC343EF1C9AD649003D7F09 /* Main.storyboard */ = {
			isa = PBXVariantGroup;
			children = (
				3DC343F01C9AD649003D7F09 /* Base */,
			);
			name = Main.storyboard;
			sourceTree = "<group>";
		};
		3DC343F41C9AD649003D7F09 /* LaunchScreen.storyboard */ = {
			isa = PBXVariantGroup;
			children = (
				3DC343F51C9AD649003D7F09 /* Base */,
			);
			name = LaunchScreen.storyboard;
			sourceTree = "<group>";
		};
/* End PBXVariantGroup section */

/* Begin XCBuildConfiguration section */
		3D5929E21C7F41E900B3CECC /* Debug */ = {
			isa = XCBuildConfiguration;
			buildSettings = {
				ALWAYS_SEARCH_USER_PATHS = NO;
				CLANG_CXX_LANGUAGE_STANDARD = "gnu++0x";
				CLANG_CXX_LIBRARY = "libc++";
				CLANG_ENABLE_MODULES = YES;
				CLANG_ENABLE_OBJC_ARC = YES;
				CLANG_WARN_BOOL_CONVERSION = YES;
				CLANG_WARN_CONSTANT_CONVERSION = YES;
				CLANG_WARN_DIRECT_OBJC_ISA_USAGE = YES_ERROR;
				CLANG_WARN_EMPTY_BODY = YES;
				CLANG_WARN_ENUM_CONVERSION = YES;
				CLANG_WARN_INT_CONVERSION = YES;
				CLANG_WARN_OBJC_ROOT_CLASS = YES_ERROR;
				CLANG_WARN_UNREACHABLE_CODE = YES;
				CLANG_WARN__DUPLICATE_METHOD_MATCH = YES;
				"CODE_SIGN_IDENTITY[sdk=iphoneos*]" = "iPhone Developer";
				COPY_PHASE_STRIP = NO;
				CURRENT_PROJECT_VERSION = 1;
				DEBUG_INFORMATION_FORMAT = dwarf;
				ENABLE_STRICT_OBJC_MSGSEND = YES;
				ENABLE_TESTABILITY = YES;
				GCC_C_LANGUAGE_STANDARD = gnu99;
				GCC_DYNAMIC_NO_PIC = NO;
				GCC_NO_COMMON_BLOCKS = YES;
				GCC_OPTIMIZATION_LEVEL = 0;
				GCC_PREPROCESSOR_DEFINITIONS = (
					"DEBUG=1",
					"$(inherited)",
				);
				GCC_WARN_64_TO_32_BIT_CONVERSION = YES;
				GCC_WARN_ABOUT_RETURN_TYPE = YES_ERROR;
				GCC_WARN_UNDECLARED_SELECTOR = YES;
				GCC_WARN_UNINITIALIZED_AUTOS = YES_AGGRESSIVE;
				GCC_WARN_UNUSED_FUNCTION = YES;
				GCC_WARN_UNUSED_VARIABLE = YES;
				IPHONEOS_DEPLOYMENT_TARGET = 9.2;
				MTL_ENABLE_DEBUG_INFO = YES;
				ONLY_ACTIVE_ARCH = YES;
				SDKROOT = iphoneos;
				SWIFT_OPTIMIZATION_LEVEL = "-Onone";
				TARGETED_DEVICE_FAMILY = "1,2";
				VERSIONING_SYSTEM = "apple-generic";
				VERSION_INFO_PREFIX = "";
			};
			name = Debug;
		};
		3D5929E31C7F41E900B3CECC /* Release */ = {
			isa = XCBuildConfiguration;
			buildSettings = {
				ALWAYS_SEARCH_USER_PATHS = NO;
				CLANG_CXX_LANGUAGE_STANDARD = "gnu++0x";
				CLANG_CXX_LIBRARY = "libc++";
				CLANG_ENABLE_MODULES = YES;
				CLANG_ENABLE_OBJC_ARC = YES;
				CLANG_WARN_BOOL_CONVERSION = YES;
				CLANG_WARN_CONSTANT_CONVERSION = YES;
				CLANG_WARN_DIRECT_OBJC_ISA_USAGE = YES_ERROR;
				CLANG_WARN_EMPTY_BODY = YES;
				CLANG_WARN_ENUM_CONVERSION = YES;
				CLANG_WARN_INT_CONVERSION = YES;
				CLANG_WARN_OBJC_ROOT_CLASS = YES_ERROR;
				CLANG_WARN_UNREACHABLE_CODE = YES;
				CLANG_WARN__DUPLICATE_METHOD_MATCH = YES;
				"CODE_SIGN_IDENTITY[sdk=iphoneos*]" = "iPhone Developer";
				COPY_PHASE_STRIP = NO;
				CURRENT_PROJECT_VERSION = 1;
				DEBUG_INFORMATION_FORMAT = "dwarf-with-dsym";
				ENABLE_NS_ASSERTIONS = NO;
				ENABLE_STRICT_OBJC_MSGSEND = YES;
				GCC_C_LANGUAGE_STANDARD = gnu99;
				GCC_NO_COMMON_BLOCKS = YES;
				GCC_WARN_64_TO_32_BIT_CONVERSION = YES;
				GCC_WARN_ABOUT_RETURN_TYPE = YES_ERROR;
				GCC_WARN_UNDECLARED_SELECTOR = YES;
				GCC_WARN_UNINITIALIZED_AUTOS = YES_AGGRESSIVE;
				GCC_WARN_UNUSED_FUNCTION = YES;
				GCC_WARN_UNUSED_VARIABLE = YES;
				IPHONEOS_DEPLOYMENT_TARGET = 9.2;
				MTL_ENABLE_DEBUG_INFO = NO;
				SDKROOT = iphoneos;
				TARGETED_DEVICE_FAMILY = "1,2";
				VALIDATE_PRODUCT = YES;
				VERSIONING_SYSTEM = "apple-generic";
				VERSION_INFO_PREFIX = "";
			};
			name = Release;
		};
		3D5929E51C7F41E900B3CECC /* Debug */ = {
			isa = XCBuildConfiguration;
			buildSettings = {
				CLANG_ENABLE_MODULES = YES;
				DEFINES_MODULE = YES;
				DYLIB_COMPATIBILITY_VERSION = 1;
				DYLIB_CURRENT_VERSION = 1;
				DYLIB_INSTALL_NAME_BASE = "@rpath";
				ENABLE_BITCODE = NO;
				FRAMEWORK_SEARCH_PATHS = (
					"$(inherited)",
					"$(PROJECT_DIR)/Carthage/Build/iOS",
				);
				INFOPLIST_FILE = Search/Info.plist;
				INSTALL_PATH = "$(LOCAL_LIBRARY_DIR)/Frameworks";
				IPHONEOS_DEPLOYMENT_TARGET = 9.2;
				LD_RUNPATH_SEARCH_PATHS = "$(inherited) @executable_path/Frameworks @loader_path/Frameworks";
				PRODUCT_BUNDLE_IDENTIFIER = uk.os.Search;
				PRODUCT_NAME = "$(TARGET_NAME)";
				SKIP_INSTALL = YES;
				SWIFT_OPTIMIZATION_LEVEL = "-Onone";
			};
			name = Debug;
		};
		3D5929E61C7F41E900B3CECC /* Release */ = {
			isa = XCBuildConfiguration;
			buildSettings = {
				CLANG_ENABLE_MODULES = YES;
				DEFINES_MODULE = YES;
				DYLIB_COMPATIBILITY_VERSION = 1;
				DYLIB_CURRENT_VERSION = 1;
				DYLIB_INSTALL_NAME_BASE = "@rpath";
				ENABLE_BITCODE = NO;
				FRAMEWORK_SEARCH_PATHS = (
					"$(inherited)",
					"$(PROJECT_DIR)/Carthage/Build/iOS",
				);
				INFOPLIST_FILE = Search/Info.plist;
				INSTALL_PATH = "$(LOCAL_LIBRARY_DIR)/Frameworks";
				IPHONEOS_DEPLOYMENT_TARGET = 9.2;
				LD_RUNPATH_SEARCH_PATHS = "$(inherited) @executable_path/Frameworks @loader_path/Frameworks";
				PRODUCT_BUNDLE_IDENTIFIER = uk.os.Search;
				PRODUCT_NAME = "$(TARGET_NAME)";
				SKIP_INSTALL = YES;
			};
			name = Release;
		};
		3D5929E81C7F41E900B3CECC /* Debug */ = {
			isa = XCBuildConfiguration;
			buildSettings = {
				FRAMEWORK_SEARCH_PATHS = (
					"$(inherited)",
					"$(PROJECT_DIR)/Carthage/Build/iOS",
				);
				INFOPLIST_FILE = SearchTests/Info.plist;
				LD_RUNPATH_SEARCH_PATHS = "$(inherited) @executable_path/Frameworks @loader_path/Frameworks";
				PRODUCT_BUNDLE_IDENTIFIER = uk.os.SearchTests;
				PRODUCT_NAME = "$(TARGET_NAME)";
			};
			name = Debug;
		};
		3D5929E91C7F41E900B3CECC /* Release */ = {
			isa = XCBuildConfiguration;
			buildSettings = {
				FRAMEWORK_SEARCH_PATHS = (
					"$(inherited)",
					"$(PROJECT_DIR)/Carthage/Build/iOS",
				);
				INFOPLIST_FILE = SearchTests/Info.plist;
				LD_RUNPATH_SEARCH_PATHS = "$(inherited) @executable_path/Frameworks @loader_path/Frameworks";
				PRODUCT_BUNDLE_IDENTIFIER = uk.os.SearchTests;
				PRODUCT_NAME = "$(TARGET_NAME)";
			};
			name = Release;
		};
		3D69EF081C91985B004080EA /* Debug */ = {
			isa = XCBuildConfiguration;
			buildSettings = {
				ASSETCATALOG_COMPILER_APPICON_NAME = AppIcon;
				CLANG_ENABLE_MODULE_DEBUGGING = YES;
				EMBEDDED_CONTENT_CONTAINS_SWIFT = YES;
				FRAMEWORK_SEARCH_PATHS = (
					"$(inherited)",
					"$(PROJECT_DIR)/Carthage/Build/iOS",
				);
				INFOPLIST_FILE = SearchExampleSwift/Info.plist;
				LD_RUNPATH_SEARCH_PATHS = "$(inherited) @executable_path/Frameworks";
				PRODUCT_BUNDLE_IDENTIFIER = uk.os.SearchExampleSwift;
				PRODUCT_NAME = "$(TARGET_NAME)";
			};
			name = Debug;
		};
		3D69EF091C91985B004080EA /* Release */ = {
			isa = XCBuildConfiguration;
			buildSettings = {
				ASSETCATALOG_COMPILER_APPICON_NAME = AppIcon;
				CLANG_ENABLE_MODULE_DEBUGGING = YES;
				EMBEDDED_CONTENT_CONTAINS_SWIFT = YES;
				FRAMEWORK_SEARCH_PATHS = (
					"$(inherited)",
					"$(PROJECT_DIR)/Carthage/Build/iOS",
				);
				INFOPLIST_FILE = SearchExampleSwift/Info.plist;
				LD_RUNPATH_SEARCH_PATHS = "$(inherited) @executable_path/Frameworks";
				PRODUCT_BUNDLE_IDENTIFIER = uk.os.SearchExampleSwift;
				PRODUCT_NAME = "$(TARGET_NAME)";
			};
			name = Release;
		};
		3DC343F81C9AD649003D7F09 /* Debug */ = {
			isa = XCBuildConfiguration;
			buildSettings = {
				ASSETCATALOG_COMPILER_APPICON_NAME = AppIcon;
				EMBEDDED_CONTENT_CONTAINS_SWIFT = YES;
				FRAMEWORK_SEARCH_PATHS = (
					"$(inherited)",
					"$(PROJECT_DIR)/Carthage/Build/iOS",
				);
				INFOPLIST_FILE = SearchExampleObjC/Info.plist;
				LD_RUNPATH_SEARCH_PATHS = "$(inherited) @executable_path/Frameworks";
				PRODUCT_BUNDLE_IDENTIFIER = uk.os.SearchExampleObjC;
				PRODUCT_NAME = "$(TARGET_NAME)";
			};
			name = Debug;
		};
		3DC343F91C9AD649003D7F09 /* Release */ = {
			isa = XCBuildConfiguration;
			buildSettings = {
				ASSETCATALOG_COMPILER_APPICON_NAME = AppIcon;
				EMBEDDED_CONTENT_CONTAINS_SWIFT = YES;
				FRAMEWORK_SEARCH_PATHS = (
					"$(inherited)",
					"$(PROJECT_DIR)/Carthage/Build/iOS",
				);
				INFOPLIST_FILE = SearchExampleObjC/Info.plist;
				LD_RUNPATH_SEARCH_PATHS = "$(inherited) @executable_path/Frameworks";
				PRODUCT_BUNDLE_IDENTIFIER = uk.os.SearchExampleObjC;
				PRODUCT_NAME = "$(TARGET_NAME)";
			};
			name = Release;
		};
/* End XCBuildConfiguration section */

/* Begin XCConfigurationList section */
		3D5929CA1C7F41E900B3CECC /* Build configuration list for PBXProject "Search" */ = {
			isa = XCConfigurationList;
			buildConfigurations = (
				3D5929E21C7F41E900B3CECC /* Debug */,
				3D5929E31C7F41E900B3CECC /* Release */,
			);
			defaultConfigurationIsVisible = 0;
			defaultConfigurationName = Release;
		};
		3D5929E41C7F41E900B3CECC /* Build configuration list for PBXNativeTarget "Search" */ = {
			isa = XCConfigurationList;
			buildConfigurations = (
				3D5929E51C7F41E900B3CECC /* Debug */,
				3D5929E61C7F41E900B3CECC /* Release */,
			);
			defaultConfigurationIsVisible = 0;
			defaultConfigurationName = Release;
		};
		3D5929E71C7F41E900B3CECC /* Build configuration list for PBXNativeTarget "SearchTests" */ = {
			isa = XCConfigurationList;
			buildConfigurations = (
				3D5929E81C7F41E900B3CECC /* Debug */,
				3D5929E91C7F41E900B3CECC /* Release */,
			);
			defaultConfigurationIsVisible = 0;
			defaultConfigurationName = Release;
		};
		3D69EF071C91985B004080EA /* Build configuration list for PBXNativeTarget "SearchExampleSwift" */ = {
			isa = XCConfigurationList;
			buildConfigurations = (
				3D69EF081C91985B004080EA /* Debug */,
				3D69EF091C91985B004080EA /* Release */,
			);
			defaultConfigurationIsVisible = 0;
			defaultConfigurationName = Release;
		};
		3DC343FA1C9AD649003D7F09 /* Build configuration list for PBXNativeTarget "SearchExampleObjC" */ = {
			isa = XCConfigurationList;
			buildConfigurations = (
				3DC343F81C9AD649003D7F09 /* Debug */,
				3DC343F91C9AD649003D7F09 /* Release */,
			);
			defaultConfigurationIsVisible = 0;
			defaultConfigurationName = Release;
		};
/* End XCConfigurationList section */
	};
	rootObject = 3D5929C71C7F41E900B3CECC /* Project object */;
}
